
Microsoft Visual Studio Solution File, Format Version 12.00
# Visual Studio Version 17
VisualStudioVersion = 17.14.36915.13 d17.14
MinimumVisualStudioVersion = 10.0.40219.1
Project("{FAE04EC0-301F-11D3-BF4B-00C04F79EFBC}") = "APIService", "APIService.csproj", "{C03EDC59-EC52-C71B-2E11-290D8C155935}"
EndProject
Global
	GlobalSection(SolutionConfigurationPlatforms) = preSolution
		Debug|Any CPU = Debug|Any CPU
		Release|Any CPU = Release|Any CPU
	EndGlobalSection
	GlobalSection(ProjectConfigurationPlatforms) = postSolution
		{C03EDC59-EC52-C71B-2E11-290D8C155935}.Debug|Any CPU.ActiveCfg = Debug|Any CPU
		{C03EDC59-EC52-C71B-2E11-290D8C155935}.Debug|Any CPU.Build.0 = Debug|Any CPU
		{C03EDC59-EC52-C71B-2E11-290D8C155935}.Release|Any CPU.ActiveCfg = Release|Any CPU
		{C03EDC59-EC52-C71B-2E11-290D8C155935}.Release|Any CPU.Build.0 = Release|Any CPU
	EndGlobalSection
	GlobalSection(SolutionProperties) = preSolution
		HideSolutionNode = FALSE
	EndGlobalSection
	GlobalSection(ExtensibilityGlobals) = postSolution
		SolutionGuid = {77577E39-9AE1-4B6D-8C6B-4680D2A1F74D}
	EndGlobalSection
EndGlobal
